
Microsoft Visual Studio Solution File, Format Version 12.00
# Visual Studio Version 17
VisualStudioVersion = 17.9.34728.123
MinimumVisualStudioVersion = 10.0.40219.1
Project("{FAE04EC0-301F-11D3-BF4B-00C04F79EFBC}") = "Week5-LogicalOperators", "Week5\Week5-LogicalOperators.csproj", "{05D1D0D0-27A3-47CE-A525-38C2B8F9CC1D}"
EndProject
Project("{FAE04EC0-301F-11D3-BF4B-00C04F79EFBC}") = "ANDOperators", "ANDOperators\ANDOperators.csproj", "{70559116-140F-44BA-BFCD-96C121B5F5C6}"
EndProject
Project("{FAE04EC0-301F-11D3-BF4B-00C04F79EFBC}") = "ANDRanges", "ANDRanges\ANDRanges.csproj", "{36AC587E-C025-4439-AD0C-50729ACEB5C1}"
EndProject
Project("{FAE04EC0-301F-11D3-BF4B-00C04F79EFBC}") = "OROperators", "OROperators\OROperators.csproj", "{0B24928F-A320-4A08-9549-CE139C4D2AD3}"
EndProject
Project("{FAE04EC0-301F-11D3-BF4B-00C04F79EFBC}") = "Test", "Test\Test.csproj", "{FBE8EF87-5B28-4106-B3EC-A60749C2211A}"
EndProject
Global
	GlobalSection(SolutionConfigurationPlatforms) = preSolution
		Debug|Any CPU = Debug|Any CPU
		Release|Any CPU = Release|Any CPU
	EndGlobalSection
	GlobalSection(ProjectConfigurationPlatforms) = postSolution
		{05D1D0D0-27A3-47CE-A525-38C2B8F9CC1D}.Debug|Any CPU.ActiveCfg = Debug|Any CPU
		{05D1D0D0-27A3-47CE-A525-38C2B8F9CC1D}.Debug|Any CPU.Build.0 = Debug|Any CPU
		{05D1D0D0-27A3-47CE-A525-38C2B8F9CC1D}.Release|Any CPU.ActiveCfg = Release|Any CPU
		{05D1D0D0-27A3-47CE-A525-38C2B8F9CC1D}.Release|Any CPU.Build.0 = Release|Any CPU
		{70559116-140F-44BA-BFCD-96C121B5F5C6}.Debug|Any CPU.ActiveCfg = Debug|Any CPU
		{70559116-140F-44BA-BFCD-96C121B5F5C6}.Debug|Any CPU.Build.0 = Debug|Any CPU
		{70559116-140F-44BA-BFCD-96C121B5F5C6}.Release|Any CPU.ActiveCfg = Release|Any CPU
		{70559116-140F-44BA-BFCD-96C121B5F5C6}.Release|Any CPU.Build.0 = Release|Any CPU
		{36AC587E-C025-4439-AD0C-50729ACEB5C1}.Debug|Any CPU.ActiveCfg = Debug|Any CPU
		{36AC587E-C025-4439-AD0C-50729ACEB5C1}.Debug|Any CPU.Build.0 = Debug|Any CPU
		{36AC587E-C025-4439-AD0C-50729ACEB5C1}.Release|Any CPU.ActiveCfg = Release|Any CPU
		{36AC587E-C025-4439-AD0C-50729ACEB5C1}.Release|Any CPU.Build.0 = Release|Any CPU
		{0B24928F-A320-4A08-9549-CE139C4D2AD3}.Debug|Any CPU.ActiveCfg = Debug|Any CPU
		{0B24928F-A320-4A08-9549-CE139C4D2AD3}.Debug|Any CPU.Build.0 = Debug|Any CPU
		{0B24928F-A320-4A08-9549-CE139C4D2AD3}.Release|Any CPU.ActiveCfg = Release|Any CPU
		{0B24928F-A320-4A08-9549-CE139C4D2AD3}.Release|Any CPU.Build.0 = Release|Any CPU
		{FBE8EF87-5B28-4106-B3EC-A60749C2211A}.Debug|Any CPU.ActiveCfg = Debug|Any CPU
		{FBE8EF87-5B28-4106-B3EC-A60749C2211A}.Debug|Any CPU.Build.0 = Debug|Any CPU
		{FBE8EF87-5B28-4106-B3EC-A60749C2211A}.Release|Any CPU.ActiveCfg = Release|Any CPU
		{FBE8EF87-5B28-4106-B3EC-A60749C2211A}.Release|Any CPU.Build.0 = Release|Any CPU
	EndGlobalSection
	GlobalSection(SolutionProperties) = preSolution
		HideSolutionNode = FALSE
	EndGlobalSection
	GlobalSection(ExtensibilityGlobals) = postSolution
		SolutionGuid = {8D656E45-B856-4FF5-8241-031D6A0B48F6}
	EndGlobalSection
EndGlobal
